
Microsoft Visual Studio Solution File, Format Version 11.00
# Visual Studio 2010
Project("{FAE04EC0-301F-11D3-BF4B-00C04F79EFBC}") = "Karkas.CodeGenerationConsoleTest.2010", "Karkas.CodeGenerationConsoleTest\Karkas.CodeGenerationConsoleTest.2010.csproj", "{BAB01BD3-050F-4553-A3FD-9E6231E5BD55}"
EndProject
Project("{FAE04EC0-301F-11D3-BF4B-00C04F79EFBC}") = "Karkas.CodeGenerationHelper.2010", "Karkas.CodeGenerationHelper\Karkas.CodeGenerationHelper.2010.csproj", "{100A5B2E-8244-4331-A069-AC9FA98954A7}"
EndProject
Project("{FAE04EC0-301F-11D3-BF4B-00C04F79EFBC}") = "Karkas.CodeGeneration.SqlServer", "Karkas.CodeGeneration.SqlServer\Karkas.CodeGeneration.SqlServer.csproj", "{09F0420B-5193-4808-83D6-9550E0C214A6}"
EndProject
Project("{FAE04EC0-301F-11D3-BF4B-00C04F79EFBC}") = "Karkas.CodeGeneration.WinApp", "Karkas.CodeGeneration.WinApp\Karkas.CodeGeneration.WinApp.csproj", "{D0177E1B-65FE-4AAA-BFB8-58526F1769DA}"
EndProject
Project("{FAE04EC0-301F-11D3-BF4B-00C04F79EFBC}") = "Karkas.CodeGeneration.Oracle", "Karkas.CodeGeneration.Oracle\Karkas.CodeGeneration.Oracle.csproj", "{45EFD516-6B11-4392-B72A-09FDEEE12769}"
EndProject
Global
	GlobalSection(SolutionConfigurationPlatforms) = preSolution
		Debug|Any CPU = Debug|Any CPU
		Debug|Mixed Platforms = Debug|Mixed Platforms
		Debug|x86 = Debug|x86
		Release|Any CPU = Release|Any CPU
		Release|Mixed Platforms = Release|Mixed Platforms
		Release|x86 = Release|x86
	EndGlobalSection
	GlobalSection(ProjectConfigurationPlatforms) = postSolution
		{BAB01BD3-050F-4553-A3FD-9E6231E5BD55}.Debug|Any CPU.ActiveCfg = Debug|Any CPU
		{BAB01BD3-050F-4553-A3FD-9E6231E5BD55}.Debug|Any CPU.Build.0 = Debug|Any CPU
		{BAB01BD3-050F-4553-A3FD-9E6231E5BD55}.Debug|Mixed Platforms.ActiveCfg = Debug|Any CPU
		{BAB01BD3-050F-4553-A3FD-9E6231E5BD55}.Debug|Mixed Platforms.Build.0 = Debug|Any CPU
		{BAB01BD3-050F-4553-A3FD-9E6231E5BD55}.Debug|x86.ActiveCfg = Debug|Any CPU
		{BAB01BD3-050F-4553-A3FD-9E6231E5BD55}.Release|Any CPU.ActiveCfg = Release|Any CPU
		{BAB01BD3-050F-4553-A3FD-9E6231E5BD55}.Release|Any CPU.Build.0 = Release|Any CPU
		{BAB01BD3-050F-4553-A3FD-9E6231E5BD55}.Release|Mixed Platforms.ActiveCfg = Release|Any CPU
		{BAB01BD3-050F-4553-A3FD-9E6231E5BD55}.Release|Mixed Platforms.Build.0 = Release|Any CPU
		{BAB01BD3-050F-4553-A3FD-9E6231E5BD55}.Release|x86.ActiveCfg = Release|Any CPU
		{100A5B2E-8244-4331-A069-AC9FA98954A7}.Debug|Any CPU.ActiveCfg = Debug|Any CPU
		{100A5B2E-8244-4331-A069-AC9FA98954A7}.Debug|Any CPU.Build.0 = Debug|Any CPU
		{100A5B2E-8244-4331-A069-AC9FA98954A7}.Debug|Mixed Platforms.ActiveCfg = Debug|Any CPU
		{100A5B2E-8244-4331-A069-AC9FA98954A7}.Debug|Mixed Platforms.Build.0 = Debug|Any CPU
		{100A5B2E-8244-4331-A069-AC9FA98954A7}.Debug|x86.ActiveCfg = Debug|Any CPU
		{100A5B2E-8244-4331-A069-AC9FA98954A7}.Release|Any CPU.ActiveCfg = Release|Any CPU
		{100A5B2E-8244-4331-A069-AC9FA98954A7}.Release|Any CPU.Build.0 = Release|Any CPU
		{100A5B2E-8244-4331-A069-AC9FA98954A7}.Release|Mixed Platforms.ActiveCfg = Release|Any CPU
		{100A5B2E-8244-4331-A069-AC9FA98954A7}.Release|Mixed Platforms.Build.0 = Release|Any CPU
		{100A5B2E-8244-4331-A069-AC9FA98954A7}.Release|x86.ActiveCfg = Release|Any CPU
		{09F0420B-5193-4808-83D6-9550E0C214A6}.Debug|Any CPU.ActiveCfg = Debug|Any CPU
		{09F0420B-5193-4808-83D6-9550E0C214A6}.Debug|Any CPU.Build.0 = Debug|Any CPU
		{09F0420B-5193-4808-83D6-9550E0C214A6}.Debug|Mixed Platforms.ActiveCfg = Debug|Any CPU
		{09F0420B-5193-4808-83D6-9550E0C214A6}.Debug|Mixed Platforms.Build.0 = Debug|Any CPU
		{09F0420B-5193-4808-83D6-9550E0C214A6}.Debug|x86.ActiveCfg = Debug|Any CPU
		{09F0420B-5193-4808-83D6-9550E0C214A6}.Release|Any CPU.ActiveCfg = Release|Any CPU
		{09F0420B-5193-4808-83D6-9550E0C214A6}.Release|Any CPU.Build.0 = Release|Any CPU
		{09F0420B-5193-4808-83D6-9550E0C214A6}.Release|Mixed Platforms.ActiveCfg = Release|Any CPU
		{09F0420B-5193-4808-83D6-9550E0C214A6}.Release|Mixed Platforms.Build.0 = Release|Any CPU
		{09F0420B-5193-4808-83D6-9550E0C214A6}.Release|x86.ActiveCfg = Release|Any CPU
		{D0177E1B-65FE-4AAA-BFB8-58526F1769DA}.Debug|Any CPU.ActiveCfg = Debug|x86
		{D0177E1B-65FE-4AAA-BFB8-58526F1769DA}.Debug|Mixed Platforms.ActiveCfg = Debug|x86
		{D0177E1B-65FE-4AAA-BFB8-58526F1769DA}.Debug|Mixed Platforms.Build.0 = Debug|x86
		{D0177E1B-65FE-4AAA-BFB8-58526F1769DA}.Debug|x86.ActiveCfg = Debug|x86
		{D0177E1B-65FE-4AAA-BFB8-58526F1769DA}.Debug|x86.Build.0 = Debug|x86
		{D0177E1B-65FE-4AAA-BFB8-58526F1769DA}.Release|Any CPU.ActiveCfg = Release|x86
		{D0177E1B-65FE-4AAA-BFB8-58526F1769DA}.Release|Mixed Platforms.ActiveCfg = Release|x86
		{D0177E1B-65FE-4AAA-BFB8-58526F1769DA}.Release|Mixed Platforms.Build.0 = Release|x86
		{D0177E1B-65FE-4AAA-BFB8-58526F1769DA}.Release|x86.ActiveCfg = Release|x86
		{D0177E1B-65FE-4AAA-BFB8-58526F1769DA}.Release|x86.Build.0 = Release|x86
		{45EFD516-6B11-4392-B72A-09FDEEE12769}.Debug|Any CPU.ActiveCfg = Debug|Any CPU
		{45EFD516-6B11-4392-B72A-09FDEEE12769}.Debug|Any CPU.Build.0 = Debug|Any CPU
		{45EFD516-6B11-4392-B72A-09FDEEE12769}.Debug|Mixed Platforms.ActiveCfg = Debug|Any CPU
		{45EFD516-6B11-4392-B72A-09FDEEE12769}.Debug|Mixed Platforms.Build.0 = Debug|Any CPU
		{45EFD516-6B11-4392-B72A-09FDEEE12769}.Debug|x86.ActiveCfg = Debug|Any CPU
		{45EFD516-6B11-4392-B72A-09FDEEE12769}.Release|Any CPU.ActiveCfg = Release|Any CPU
		{45EFD516-6B11-4392-B72A-09FDEEE12769}.Release|Any CPU.Build.0 = Release|Any CPU
		{45EFD516-6B11-4392-B72A-09FDEEE12769}.Release|Mixed Platforms.ActiveCfg = Release|Any CPU
		{45EFD516-6B11-4392-B72A-09FDEEE12769}.Release|Mixed Platforms.Build.0 = Release|Any CPU
		{45EFD516-6B11-4392-B72A-09FDEEE12769}.Release|x86.ActiveCfg = Release|Any CPU
	EndGlobalSection
	GlobalSection(SolutionProperties) = preSolution
		HideSolutionNode = FALSE
	EndGlobalSection
EndGlobal
